// !$*UTF8*$!
{
	archiveVersion = 1;
	classes = {
	};
	objectVersion = 50;
	objects = {

/* Begin PBXBuildFile section */
		8699250E24D47D9B0015D919 /* AppDelegate.swift in Sources */ = {isa = PBXBuildFile; fileRef = 8699250D24D47D9B0015D919 /* AppDelegate.swift */; };
		8699251024D47D9B0015D919 /* ContentView.swift in Sources */ = {isa = PBXBuildFile; fileRef = 8699250F24D47D9B0015D919 /* ContentView.swift */; };
		8699251224D47D9D0015D919 /* Assets.xcassets in Resources */ = {isa = PBXBuildFile; fileRef = 8699251124D47D9D0015D919 /* Assets.xcassets */; };
		8699251524D47D9D0015D919 /* Preview Assets.xcassets in Resources */ = {isa = PBXBuildFile; fileRef = 8699251424D47D9D0015D919 /* Preview Assets.xcassets */; };
		8699251824D47D9D0015D919 /* Main.storyboard in Resources */ = {isa = PBXBuildFile; fileRef = 8699251624D47D9D0015D919 /* Main.storyboard */; };
		8699253124D47E100015D919 /* landmarkData.json in Resources */ = {isa = PBXBuildFile; fileRef = 8699252024D47E0F0015D919 /* landmarkData.json */; };
		8699253224D47E100015D919 /* rainbowlake.jpg in Resources */ = {isa = PBXBuildFile; fileRef = 8699252124D47E0F0015D919 /* rainbowlake.jpg */; };
		8699253324D47E100015D919 /* hiddenlake.jpg in Resources */ = {isa = PBXBuildFile; fileRef = 8699252224D47E0F0015D919 /* hiddenlake.jpg */; };
		8699253424D47E100015D919 /* turtlerock_feature.jpg in Resources */ = {isa = PBXBuildFile; fileRef = 8699252324D47E100015D919 /* turtlerock_feature.jpg */; };
		8699253524D47E100015D919 /* lakemcdonald.jpg in Resources */ = {isa = PBXBuildFile; fileRef = 8699252424D47E100015D919 /* lakemcdonald.jpg */; };
		8699253624D47E100015D919 /* turtlerock.jpg in Resources */ = {isa = PBXBuildFile; fileRef = 8699252524D47E100015D919 /* turtlerock.jpg */; };
		8699253724D47E100015D919 /* chilkoottrail.jpg in Resources */ = {isa = PBXBuildFile; fileRef = 8699252624D47E100015D919 /* chilkoottrail.jpg */; };
		8699253824D47E100015D919 /* icybay.jpg in Resources */ = {isa = PBXBuildFile; fileRef = 8699252724D47E100015D919 /* icybay.jpg */; };
		8699253924D47E100015D919 /* stmarylake_feature.jpg in Resources */ = {isa = PBXBuildFile; fileRef = 8699252824D47E100015D919 /* stmarylake_feature.jpg */; };
		8699253A24D47E100015D919 /* charleyrivers.jpg in Resources */ = {isa = PBXBuildFile; fileRef = 8699252924D47E100015D919 /* charleyrivers.jpg */; };
		8699253B24D47E100015D919 /* stmarylake.jpg in Resources */ = {isa = PBXBuildFile; fileRef = 8699252A24D47E100015D919 /* stmarylake.jpg */; };
		8699253C24D47E100015D919 /* charleyrivers_feature.jpg in Resources */ = {isa = PBXBuildFile; fileRef = 8699252B24D47E100015D919 /* charleyrivers_feature.jpg */; };
		8699253D24D47E100015D919 /* hikeData.json in Resources */ = {isa = PBXBuildFile; fileRef = 8699252C24D47E100015D919 /* hikeData.json */; };
		8699253E24D47E100015D919 /* silversalmoncreek.jpg in Resources */ = {isa = PBXBuildFile; fileRef = 8699252D24D47E100015D919 /* silversalmoncreek.jpg */; };
		8699253F24D47E100015D919 /* chincoteague.jpg in Resources */ = {isa = PBXBuildFile; fileRef = 8699252E24D47E100015D919 /* chincoteague.jpg */; };
		8699254024D47E100015D919 /* twinlake.jpg in Resources */ = {isa = PBXBuildFile; fileRef = 8699252F24D47E100015D919 /* twinlake.jpg */; };
		8699254124D47E100015D919 /* umbagog.jpg in Resources */ = {isa = PBXBuildFile; fileRef = 8699253024D47E100015D919 /* umbagog.jpg */; };
		8699254824D47E3B0015D919 /* UserData.swift in Sources */ = {isa = PBXBuildFile; fileRef = 8699254324D47E3A0015D919 /* UserData.swift */; };
		8699254924D47E3B0015D919 /* Data.swift in Sources */ = {isa = PBXBuildFile; fileRef = 8699254424D47E3B0015D919 /* Data.swift */; };
		8699254A24D47E3B0015D919 /* Landmark.swift in Sources */ = {isa = PBXBuildFile; fileRef = 8699254524D47E3B0015D919 /* Landmark.swift */; };
		8699254B24D47E3B0015D919 /* Hike.swift in Sources */ = {isa = PBXBuildFile; fileRef = 8699254624D47E3B0015D919 /* Hike.swift */; };
		8699254C24D47E3B0015D919 /* Profile.swift in Sources */ = {isa = PBXBuildFile; fileRef = 8699254724D47E3B0015D919 /* Profile.swift */; };
/* End PBXBuildFile section */

/* Begin PBXFileReference section */
		8699250A24D47D9B0015D919 /* Landmarks.app */ = {isa = PBXFileReference; explicitFileType = wrapper.application; includeInIndex = 0; path = Landmarks.app; sourceTree = BUILT_PRODUCTS_DIR; };
		8699250D24D47D9B0015D919 /* AppDelegate.swift */ = {isa = PBXFileReference; lastKnownFileType = sourcecode.swift; path = AppDelegate.swift; sourceTree = "<group>"; };
		8699250F24D47D9B0015D919 /* ContentView.swift */ = {isa = PBXFileReference; lastKnownFileType = sourcecode.swift; path = ContentView.swift; sourceTree = "<group>"; };
		8699251124D47D9D0015D919 /* Assets.xcassets */ = {isa = PBXFileReference; lastKnownFileType = folder.assetcatalog; path = Assets.xcassets; sourceTree = "<group>"; };
		8699251424D47D9D0015D919 /* Preview Assets.xcassets */ = {isa = PBXFileReference; lastKnownFileType = folder.assetcatalog; path = "Preview Assets.xcassets"; sourceTree = "<group>"; };
		8699251724D47D9D0015D919 /* Base */ = {isa = PBXFileReference; lastKnownFileType = file.storyboard; name = Base; path = Base.lproj/Main.storyboard; sourceTree = "<group>"; };
		8699251924D47D9D0015D919 /* Info.plist */ = {isa = PBXFileReference; lastKnownFileType = text.plist.xml; path = Info.plist; sourceTree = "<group>"; };
		8699251A24D47D9D0015D919 /* Landmarks.entitlements */ = {isa = PBXFileReference; lastKnownFileType = text.plist.entitlements; path = Landmarks.entitlements; sourceTree = "<group>"; };
		8699252024D47E0F0015D919 /* landmarkData.json */ = {isa = PBXFileReference; fileEncoding = 4; lastKnownFileType = text.json; path = landmarkData.json; sourceTree = "<group>"; };
		8699252124D47E0F0015D919 /* rainbowlake.jpg */ = {isa = PBXFileReference; lastKnownFileType = image.jpeg; path = rainbowlake.jpg; sourceTree = "<group>"; };
		8699252224D47E0F0015D919 /* hiddenlake.jpg */ = {isa = PBXFileReference; lastKnownFileType = image.jpeg; path = hiddenlake.jpg; sourceTree = "<group>"; };
		8699252324D47E100015D919 /* turtlerock_feature.jpg */ = {isa = PBXFileReference; lastKnownFileType = image.jpeg; path = turtlerock_feature.jpg; sourceTree = "<group>"; };
		8699252424D47E100015D919 /* lakemcdonald.jpg */ = {isa = PBXFileReference; lastKnownFileType = image.jpeg; path = lakemcdonald.jpg; sourceTree = "<group>"; };
		8699252524D47E100015D919 /* turtlerock.jpg */ = {isa = PBXFileReference; lastKnownFileType = image.jpeg; path = turtlerock.jpg; sourceTree = "<group>"; };
		8699252624D47E100015D919 /* chilkoottrail.jpg */ = {isa = PBXFileReference; lastKnownFileType = image.jpeg; path = chilkoottrail.jpg; sourceTree = "<group>"; };
		8699252724D47E100015D919 /* icybay.jpg */ = {isa = PBXFileReference; lastKnownFileType = image.jpeg; path = icybay.jpg; sourceTree = "<group>"; };
		8699252824D47E100015D919 /* stmarylake_feature.jpg */ = {isa = PBXFileReference; lastKnownFileType = image.jpeg; path = stmarylake_feature.jpg; sourceTree = "<group>"; };
		8699252924D47E100015D919 /* charleyrivers.jpg */ = {isa = PBXFileReference; lastKnownFileType = image.jpeg; path = charleyrivers.jpg; sourceTree = "<group>"; };
		8699252A24D47E100015D919 /* stmarylake.jpg */ = {isa = PBXFileReference; lastKnownFileType = image.jpeg; path = stmarylake.jpg; sourceTree = "<group>"; };
		8699252B24D47E100015D919 /* charleyrivers_feature.jpg */ = {isa = PBXFileReference; lastKnownFileType = image.jpeg; path = charleyrivers_feature.jpg; sourceTree = "<group>"; };
		8699252C24D47E100015D919 /* hikeData.json */ = {isa = PBXFileReference; fileEncoding = 4; lastKnownFileType = text.json; path = hikeData.json; sourceTree = "<group>"; };
		8699252D24D47E100015D919 /* silversalmoncreek.jpg */ = {isa = PBXFileReference; lastKnownFileType = image.jpeg; path = silversalmoncreek.jpg; sourceTree = "<group>"; };
		8699252E24D47E100015D919 /* chincoteague.jpg */ = {isa = PBXFileReference; lastKnownFileType = image.jpeg; path = chincoteague.jpg; sourceTree = "<group>"; };
		8699252F24D47E100015D919 /* twinlake.jpg */ = {isa = PBXFileReference; lastKnownFileType = image.jpeg; path = twinlake.jpg; sourceTree = "<group>"; };
		8699253024D47E100015D919 /* umbagog.jpg */ = {isa = PBXFileReference; lastKnownFileType = image.jpeg; path = umbagog.jpg; sourceTree = "<group>"; };
		8699254324D47E3A0015D919 /* UserData.swift */ = {isa = PBXFileReference; fileEncoding = 4; lastKnownFileType = sourcecode.swift; path = UserData.swift; sourceTree = "<group>"; };
		8699254424D47E3B0015D919 /* Data.swift */ = {isa = PBXFileReference; fileEncoding = 4; lastKnownFileType = sourcecode.swift; path = Data.swift; sourceTree = "<group>"; };
		8699254524D47E3B0015D919 /* Landmark.swift */ = {isa = PBXFileReference; fileEncoding = 4; lastKnownFileType = sourcecode.swift; path = Landmark.swift; sourceTree = "<group>"; };
		8699254624D47E3B0015D919 /* Hike.swift */ = {isa = PBXFileReference; fileEncoding = 4; lastKnownFileType = sourcecode.swift; path = Hike.swift; sourceTree = "<group>"; };
		8699254724D47E3B0015D919 /* Profile.swift */ = {isa = PBXFileReference; fileEncoding = 4; lastKnownFileType = sourcecode.swift; path = Profile.swift; sourceTree = "<group>"; };
/* End PBXFileReference section */

/* Begin PBXFrameworksBuildPhase section */
		8699250724D47D9B0015D919 /* Frameworks */ = {
			isa = PBXFrameworksBuildPhase;
			buildActionMask = 2147483647;
			files = (
			);
			runOnlyForDeploymentPostprocessing = 0;
		};
/* End PBXFrameworksBuildPhase section */

/* Begin PBXGroup section */
		8699250124D47D9B0015D919 = {
			isa = PBXGroup;
			children = (
				8699250C24D47D9B0015D919 /* Landmarks */,
				8699250B24D47D9B0015D919 /* Products */,
			);
			sourceTree = "<group>";
		};
		8699250B24D47D9B0015D919 /* Products */ = {
			isa = PBXGroup;
			children = (
				8699250A24D47D9B0015D919 /* Landmarks.app */,
			);
			name = Products;
			sourceTree = "<group>";
		};
		8699250C24D47D9B0015D919 /* Landmarks */ = {
			isa = PBXGroup;
			children = (
				8699250D24D47D9B0015D919 /* AppDelegate.swift */,
				8699250F24D47D9B0015D919 /* ContentView.swift */,
				8699254D24D47E460015D919 /* Model */,
				8699254224D47E210015D919 /* Resources */,
				8699251124D47D9D0015D919 /* Assets.xcassets */,
				8699251624D47D9D0015D919 /* Main.storyboard */,
				8699251924D47D9D0015D919 /* Info.plist */,
				8699251A24D47D9D0015D919 /* Landmarks.entitlements */,
				8699251324D47D9D0015D919 /* Preview Content */,
			);
			path = Landmarks;
			sourceTree = "<group>";
		};
		8699251324D47D9D0015D919 /* Preview Content */ = {
			isa = PBXGroup;
			children = (
				8699251424D47D9D0015D919 /* Preview Assets.xcassets */,
			);
			path = "Preview Content";
			sourceTree = "<group>";
		};
		8699254224D47E210015D919 /* Resources */ = {
			isa = PBXGroup;
			children = (
				8699252B24D47E100015D919 /* charleyrivers_feature.jpg */,
				8699252924D47E100015D919 /* charleyrivers.jpg */,
				8699252624D47E100015D919 /* chilkoottrail.jpg */,
				8699252E24D47E100015D919 /* chincoteague.jpg */,
				8699252224D47E0F0015D919 /* hiddenlake.jpg */,
				8699252C24D47E100015D919 /* hikeData.json */,
				8699252724D47E100015D919 /* icybay.jpg */,
				8699252424D47E100015D919 /* lakemcdonald.jpg */,
				8699252024D47E0F0015D919 /* landmarkData.json */,
				8699252124D47E0F0015D919 /* rainbowlake.jpg */,
				8699252D24D47E100015D919 /* silversalmoncreek.jpg */,
				8699252824D47E100015D919 /* stmarylake_feature.jpg */,
				8699252A24D47E100015D919 /* stmarylake.jpg */,
				8699252324D47E100015D919 /* turtlerock_feature.jpg */,
				8699252524D47E100015D919 /* turtlerock.jpg */,
				8699252F24D47E100015D919 /* twinlake.jpg */,
				8699253024D47E100015D919 /* umbagog.jpg */,
			);
			path = Resources;
			sourceTree = "<group>";
		};
		8699254D24D47E460015D919 /* Model */ = {
			isa = PBXGroup;
			children = (
				8699254424D47E3B0015D919 /* Data.swift */,
				8699254624D47E3B0015D919 /* Hike.swift */,
				8699254524D47E3B0015D919 /* Landmark.swift */,
				8699254724D47E3B0015D919 /* Profile.swift */,
				8699254324D47E3A0015D919 /* UserData.swift */,
			);
			path = Model;
			sourceTree = "<group>";
		};
/* End PBXGroup section */

/* Begin PBXNativeTarget section */
		8699250924D47D9B0015D919 /* Landmarks */ = {
			isa = PBXNativeTarget;
			buildConfigurationList = 8699251D24D47D9D0015D919 /* Build configuration list for PBXNativeTarget "Landmarks" */;
			buildPhases = (
				8699250624D47D9B0015D919 /* Sources */,
				8699250724D47D9B0015D919 /* Frameworks */,
				8699250824D47D9B0015D919 /* Resources */,
			);
			buildRules = (
			);
			dependencies = (
			);
			name = Landmarks;
			productName = Landmarks;
			productReference = 8699250A24D47D9B0015D919 /* Landmarks.app */;
			productType = "com.apple.product-type.application";
		};
/* End PBXNativeTarget section */

/* Begin PBXProject section */
		8699250224D47D9B0015D919 /* Project object */ = {
			isa = PBXProject;
			attributes = {
				LastSwiftUpdateCheck = 1160;
				LastUpgradeCheck = 1160;
				ORGANIZATIONNAME = "Garima Bothra";
				TargetAttributes = {
					8699250924D47D9B0015D919 = {
						CreatedOnToolsVersion = 11.6;
					};
				};
			};
			buildConfigurationList = 8699250524D47D9B0015D919 /* Build configuration list for PBXProject "Landmarks" */;
			compatibilityVersion = "Xcode 9.3";
			developmentRegion = en;
			hasScannedForEncodings = 0;
			knownRegions = (
				en,
				Base,
			);
			mainGroup = 8699250124D47D9B0015D919;
			productRefGroup = 8699250B24D47D9B0015D919 /* Products */;
			projectDirPath = "";
			projectRoot = "";
			targets = (
				8699250924D47D9B0015D919 /* Landmarks */,
			);
		};
/* End PBXProject section */

/* Begin PBXResourcesBuildPhase section */
		8699250824D47D9B0015D919 /* Resources */ = {
			isa = PBXResourcesBuildPhase;
			buildActionMask = 2147483647;
			files = (
				8699253D24D47E100015D919 /* hikeData.json in Resources */,
				8699253C24D47E100015D919 /* charleyrivers_feature.jpg in Resources */,
				8699251824D47D9D0015D919 /* Main.storyboard in Resources */,
				8699253424D47E100015D919 /* turtlerock_feature.jpg in Resources */,
				8699254124D47E100015D919 /* umbagog.jpg in Resources */,
				8699253624D47E100015D919 /* turtlerock.jpg in Resources */,
				8699254024D47E100015D919 /* twinlake.jpg in Resources */,
				8699253724D47E100015D919 /* chilkoottrail.jpg in Resources */,
				8699253824D47E100015D919 /* icybay.jpg in Resources */,
				8699253224D47E100015D919 /* rainbowlake.jpg in Resources */,
				8699253B24D47E100015D919 /* stmarylake.jpg in Resources */,
				8699253124D47E100015D919 /* landmarkData.json in Resources */,
				8699251524D47D9D0015D919 /* Preview Assets.xcassets in Resources */,
				8699253E24D47E100015D919 /* silversalmoncreek.jpg in Resources */,
				8699253F24D47E100015D919 /* chincoteague.jpg in Resources */,
				8699253A24D47E100015D919 /* charleyrivers.jpg in Resources */,
				8699253324D47E100015D919 /* hiddenlake.jpg in Resources */,
				8699253924D47E100015D919 /* stmarylake_feature.jpg in Resources */,
				8699253524D47E100015D919 /* lakemcdonald.jpg in Resources */,
				8699251224D47D9D0015D919 /* Assets.xcassets in Resources */,
			);
			runOnlyForDeploymentPostprocessing = 0;
		};
/* End PBXResourcesBuildPhase section */

/* Begin PBXSourcesBuildPhase section */
		8699250624D47D9B0015D919 /* Sources */ = {
			isa = PBXSourcesBuildPhase;
			buildActionMask = 2147483647;
			files = (
				8699254B24D47E3B0015D919 /* Hike.swift in Sources */,
				8699254824D47E3B0015D919 /* UserData.swift in Sources */,
				8699251024D47D9B0015D919 /* ContentView.swift in Sources */,
				8699254C24D47E3B0015D919 /* Profile.swift in Sources */,
				8699250E24D47D9B0015D919 /* AppDelegate.swift in Sources */,
				8699254924D47E3B0015D919 /* Data.swift in Sources */,
				8699254A24D47E3B0015D919 /* Landmark.swift in Sources */,
			);
			runOnlyForDeploymentPostprocessing = 0;
		};
/* End PBXSourcesBuildPhase section */

/* Begin PBXVariantGroup section */
		8699251624D47D9D0015D919 /* Main.storyboard */ = {
			isa = PBXVariantGroup;
			children = (
				8699251724D47D9D0015D919 /* Base */,
			);
			name = Main.storyboard;
			sourceTree = "<group>";
		};
/* End PBXVariantGroup section */

/* Begin XCBuildConfiguration section */
		8699251B24D47D9D0015D919 /* Debug */ = {
			isa = XCBuildConfiguration;
			buildSettings = {
				ALWAYS_SEARCH_USER_PATHS = NO;
				CLANG_ANALYZER_NONNULL = YES;
				CLANG_ANALYZER_NUMBER_OBJECT_CONVERSION = YES_AGGRESSIVE;
				CLANG_CXX_LANGUAGE_STANDARD = "gnu++14";
				CLANG_CXX_LIBRARY = "libc++";
				CLANG_ENABLE_MODULES = YES;
				CLANG_ENABLE_OBJC_ARC = YES;
				CLANG_ENABLE_OBJC_WEAK = YES;
				CLANG_WARN_BLOCK_CAPTURE_AUTORELEASING = YES;
				CLANG_WARN_BOOL_CONVERSION = YES;
				CLANG_WARN_COMMA = YES;
				CLANG_WARN_CONSTANT_CONVERSION = YES;
				CLANG_WARN_DEPRECATED_OBJC_IMPLEMENTATIONS = YES;
				CLANG_WARN_DIRECT_OBJC_ISA_USAGE = YES_ERROR;
				CLANG_WARN_DOCUMENTATION_COMMENTS = YES;
				CLANG_WARN_EMPTY_BODY = YES;
				CLANG_WARN_ENUM_CONVERSION = YES;
				CLANG_WARN_INFINITE_RECURSION = YES;
				CLANG_WARN_INT_CONVERSION = YES;
				CLANG_WARN_NON_LITERAL_NULL_CONVERSION = YES;
				CLANG_WARN_OBJC_IMPLICIT_RETAIN_SELF = YES;
				CLANG_WARN_OBJC_LITERAL_CONVERSION = YES;
				CLANG_WARN_OBJC_ROOT_CLASS = YES_ERROR;
				CLANG_WARN_RANGE_LOOP_ANALYSIS = YES;
				CLANG_WARN_STRICT_PROTOTYPES = YES;
				CLANG_WARN_SUSPICIOUS_MOVE = YES;
				CLANG_WARN_UNGUARDED_AVAILABILITY = YES_AGGRESSIVE;
				CLANG_WARN_UNREACHABLE_CODE = YES;
				CLANG_WARN__DUPLICATE_METHOD_MATCH = YES;
				COPY_PHASE_STRIP = NO;
				DEBUG_INFORMATION_FORMAT = dwarf;
				ENABLE_STRICT_OBJC_MSGSEND = YES;
				ENABLE_TESTABILITY = YES;
				GCC_C_LANGUAGE_STANDARD = gnu11;
				GCC_DYNAMIC_NO_PIC = NO;
				GCC_NO_COMMON_BLOCKS = YES;
				GCC_OPTIMIZATION_LEVEL = 0;
				GCC_PREPROCESSOR_DEFINITIONS = (
					"DEBUG=1",
					"$(inherited)",
				);
				GCC_WARN_64_TO_32_BIT_CONVERSION = YES;
				GCC_WARN_ABOUT_RETURN_TYPE = YES_ERROR;
				GCC_WARN_UNDECLARED_SELECTOR = YES;
				GCC_WARN_UNINITIALIZED_AUTOS = YES_AGGRESSIVE;
				GCC_WARN_UNUSED_FUNCTION = YES;
				GCC_WARN_UNUSED_VARIABLE = YES;
				MACOSX_DEPLOYMENT_TARGET = 10.15;
				MTL_ENABLE_DEBUG_INFO = INCLUDE_SOURCE;
				MTL_FAST_MATH = YES;
				ONLY_ACTIVE_ARCH = YES;
				SDKROOT = macosx;
				SWIFT_ACTIVE_COMPILATION_CONDITIONS = DEBUG;
				SWIFT_OPTIMIZATION_LEVEL = "-Onone";
			};
			name = Debug;
		};
		8699251C24D47D9D0015D919 /* Release */ = {
			isa = XCBuildConfiguration;
			buildSettings = {
				ALWAYS_SEARCH_USER_PATHS = NO;
				CLANG_ANALYZER_NONNULL = YES;
				CLANG_ANALYZER_NUMBER_OBJECT_CONVERSION = YES_AGGRESSIVE;
				CLANG_CXX_LANGUAGE_STANDARD = "gnu++14";
				CLANG_CXX_LIBRARY = "libc++";
				CLANG_ENABLE_MODULES = YES;
				CLANG_ENABLE_OBJC_ARC = YES;
				CLANG_ENABLE_OBJC_WEAK = YES;
				CLANG_WARN_BLOCK_CAPTURE_AUTORELEASING = YES;
				CLANG_WARN_BOOL_CONVERSION = YES;
				CLANG_WARN_COMMA = YES;
				CLANG_WARN_CONSTANT_CONVERSION = YES;
				CLANG_WARN_DEPRECATED_OBJC_IMPLEMENTATIONS = YES;
				CLANG_WARN_DIRECT_OBJC_ISA_USAGE = YES_ERROR;
				CLANG_WARN_DOCUMENTATION_COMMENTS = YES;
				CLANG_WARN_EMPTY_BODY = YES;
				CLANG_WARN_ENUM_CONVERSION = YES;
				CLANG_WARN_INFINITE_RECURSION = YES;
				CLANG_WARN_INT_CONVERSION = YES;
				CLANG_WARN_NON_LITERAL_NULL_CONVERSION = YES;
				CLANG_WARN_OBJC_IMPLICIT_RETAIN_SELF = YES;
				CLANG_WARN_OBJC_LITERAL_CONVERSION = YES;
				CLANG_WARN_OBJC_ROOT_CLASS = YES_ERROR;
				CLANG_WARN_RANGE_LOOP_ANALYSIS = YES;
				CLANG_WARN_STRICT_PROTOTYPES = YES;
				CLANG_WARN_SUSPICIOUS_MOVE = YES;
				CLANG_WARN_UNGUARDED_AVAILABILITY = YES_AGGRESSIVE;
				CLANG_WARN_UNREACHABLE_CODE = YES;
				CLANG_WARN__DUPLICATE_METHOD_MATCH = YES;
				COPY_PHASE_STRIP = NO;
				DEBUG_INFORMATION_FORMAT = "dwarf-with-dsym";
				ENABLE_NS_ASSERTIONS = NO;
				ENABLE_STRICT_OBJC_MSGSEND = YES;
				GCC_C_LANGUAGE_STANDARD = gnu11;
				GCC_NO_COMMON_BLOCKS = YES;
				GCC_WARN_64_TO_32_BIT_CONVERSION = YES;
				GCC_WARN_ABOUT_RETURN_TYPE = YES_ERROR;
				GCC_WARN_UNDECLARED_SELECTOR = YES;
				GCC_WARN_UNINITIALIZED_AUTOS = YES_AGGRESSIVE;
				GCC_WARN_UNUSED_FUNCTION = YES;
				GCC_WARN_UNUSED_VARIABLE = YES;
				MACOSX_DEPLOYMENT_TARGET = 10.15;
				MTL_ENABLE_DEBUG_INFO = NO;
				MTL_FAST_MATH = YES;
				SDKROOT = macosx;
				SWIFT_COMPILATION_MODE = wholemodule;
				SWIFT_OPTIMIZATION_LEVEL = "-O";
			};
			name = Release;
		};
		8699251E24D47D9D0015D919 /* Debug */ = {
			isa = XCBuildConfiguration;
			buildSettings = {
				ASSETCATALOG_COMPILER_APPICON_NAME = AppIcon;
				CODE_SIGN_ENTITLEMENTS = Landmarks/Landmarks.entitlements;
				CODE_SIGN_STYLE = Automatic;
				COMBINE_HIDPI_IMAGES = YES;
				DEVELOPMENT_ASSET_PATHS = "\"Landmarks/Preview Content\"";
				DEVELOPMENT_TEAM = 33G6XV4555;
				ENABLE_HARDENED_RUNTIME = YES;
				ENABLE_PREVIEWS = YES;
				INFOPLIST_FILE = Landmarks/Info.plist;
				LD_RUNPATH_SEARCH_PATHS = (
					"$(inherited)",
					"@executable_path/../Frameworks",
				);
				MACOSX_DEPLOYMENT_TARGET = 10.15;
				PRODUCT_BUNDLE_IDENTIFIER = com.garimabothra.Landmarks;
				PRODUCT_NAME = "$(TARGET_NAME)";
				SWIFT_VERSION = 5.0;
			};
			name = Debug;
		};
		8699251F24D47D9D0015D919 /* Release */ = {
			isa = XCBuildConfiguration;
			buildSettings = {
				ASSETCATALOG_COMPILER_APPICON_NAME = AppIcon;
				CODE_SIGN_ENTITLEMENTS = Landmarks/Landmarks.entitlements;
				CODE_SIGN_STYLE = Automatic;
				COMBINE_HIDPI_IMAGES = YES;
				DEVELOPMENT_ASSET_PATHS = "\"Landmarks/Preview Content\"";
				DEVELOPMENT_TEAM = 33G6XV4555;
				ENABLE_HARDENED_RUNTIME = YES;
				ENABLE_PREVIEWS = YES;
				INFOPLIST_FILE = Landmarks/Info.plist;
				LD_RUNPATH_SEARCH_PATHS = (
					"$(inherited)",
					"@executable_path/../Frameworks",
				);
				MACOSX_DEPLOYMENT_TARGET = 10.15;
				PRODUCT_BUNDLE_IDENTIFIER = com.garimabothra.Landmarks;
				PRODUCT_NAME = "$(TARGET_NAME)";
				SWIFT_VERSION = 5.0;
			};
			name = Release;
		};
/* End XCBuildConfiguration section */

/* Begin XCConfigurationList section */
		8699250524D47D9B0015D919 /* Build configuration list for PBXProject "Landmarks" */ = {
			isa = XCConfigurationList;
			buildConfigurations = (
				8699251B24D47D9D0015D919 /* Debug */,
				8699251C24D47D9D0015D919 /* Release */,
			);
			defaultConfigurationIsVisible = 0;
			defaultConfigurationName = Release;
		};
		8699251D24D47D9D0015D919 /* Build configuration list for PBXNativeTarget "Landmarks" */ = {
			isa = XCConfigurationList;
			buildConfigurations = (
				8699251E24D47D9D0015D919 /* Debug */,
				8699251F24D47D9D0015D919 /* Release */,
			);
			defaultConfigurationIsVisible = 0;
			defaultConfigurationName = Release;
		};
/* End XCConfigurationList section */
	};
	rootObject = 8699250224D47D9B0015D919 /* Project object */;
}
